schema = "reprobuild.solved-graph-lock.v2"

[lock]
platform = "amd64-linux"
optimal = false
inputs_digest = "fnv1a64:4939cd5934c783c1"
variants = []
packages = [{ name = "capnp", version = "1.0.0", source = "capnp", selection = "selected" }, { name = "cargo", version = "1.85.0", source = "cargo", selection = "selected" }, { name = "codetracer_trace_format", version = "0.1.0", source = "codetracer_trace_format", selection = "selected" }, { name = "nim", version = "2.2.0", source = "nim", selection = "selected" }, { name = "nimble", version = "1.0.0", source = "nimble", selection = "selected" }, { name = "pkg-config", version = "1.0.0", source = "pkg-config", selection = "selected" }, { name = "rustc", version = "1.85.0", source = "rustc", selection = "selected" }, { name = "zstd", version = "1.0.0", source = "zstd", selection = "selected" }]
deps = [{ name = "codetracer", path = "../codetracer", coord_kind = "vcs", url = "https://github.com/metacraft-labs/codetracer", ref = "stabilize-agents-worker-2-20261003", revision = "34b96d03b9436a0538e0d526a9caaf458226c63f", integrity = "git-sha1:34b96d03b9436a0538e0d526a9caaf458226c63f", version = "", visibility = "public", participation = "", depends = "", tags = "" }, { name = "codetracer-beam-recorder", path = "../codetracer-beam-recorder", coord_kind = "vcs", url = "https://github.com/metacraft-labs/codetracer-beam-recorder", ref = "stabilize-agents-worker-2-20261003", revision = "61b5c6fb437cbd1b375a174d58e1c22cd0c26667", integrity = "git-sha1:61b5c6fb437cbd1b375a174d58e1c22cd0c26667", version = "", visibility = "public", participation = "", depends = "", tags = "" }, { name = "codetracer-js-recorder", path = "../codetracer-js-recorder", coord_kind = "vcs", url = "https://github.com/metacraft-labs/codetracer-js-recorder", ref = "stabilize-agents-worker-2-20261003", revision = "3adc3f0d626c731ee6fc9d64f31f10ba924ed8c5", integrity = "git-sha1:3adc3f0d626c731ee6fc9d64f31f10ba924ed8c5", version = "", visibility = "public", participation = "", depends = "", tags = "" }, { name = "codetracer-launcher", path = "../codetracer-launcher", coord_kind = "vcs", url = "https://github.com/metacraft-labs/codetracer-launcher", ref = "stabilize-agents-worker-2-20261003", revision = "badec9fad9d924ffe3918924241e24a912e6c76d", integrity = "git-sha1:badec9fad9d924ffe3918924241e24a912e6c76d", version = "", visibility = "public", participation = "", depends = "", tags = "" }, { name = "codetracer-native-backend", path = "../codetracer-native-backend", coord_kind = "vcs", url = "https://github.com/metacraft-labs/codetracer-native-backend", ref = "stabilize-agents-worker-2-20261003", revision = "b0b1056f00541ba74366759e0647da6d6a22df9b", integrity = "git-sha1:b0b1056f00541ba74366759e0647da6d6a22df9b", version = "", visibility = "public", participation = "", depends = "", tags = "" }, { name = "codetracer-native-recorder", path = "../codetracer-native-recorder", coord_kind = "vcs", url = "https://github.com/metacraft-labs/codetracer-native-recorder", ref = "stabilize-agents-worker-2-20261003", revision = "f7564bdb62266f20f4fe89078e32600c2fd5a0ba", integrity = "git-sha1:f7564bdb62266f20f4fe89078e32600c2fd5a0ba", version = "", visibility = "public", participation = "", depends = "", tags = "" }, { name = "codetracer-python-recorder", path = "../codetracer-python-recorder", coord_kind = "vcs", url = "https://github.com/metacraft-labs/codetracer-python-recorder", ref = "stabilize-agents-worker-2-20261003", revision = "030a8e8f541d9a6478e529d690d0bbf2144e10d6", integrity = "git-sha1:030a8e8f541d9a6478e529d690d0bbf2144e10d6", version = "", visibility = "public", participation = "", depends = "", tags = "" }, { name = "codetracer-ruby-recorder", path = "../codetracer-ruby-recorder", coord_kind = "vcs", url = "https://github.com/metacraft-labs/codetracer-ruby-recorder", ref = "stabilize-agents-worker-2-20261003", revision = "3d950b606dc1097f0f3c1f6a243af4bd86f02dfd", integrity = "git-sha1:3d950b606dc1097f0f3c1f6a243af4bd86f02dfd", version = "", visibility = "public", participation = "", depends = "", tags = "" }, { name = "codetracer-trace-format", path = ".", coord_kind = "vcs", url = "https://github.com/metacraft-labs/codetracer-trace-format", ref = "agents-to-dev-2026-10-03", revision = "c116510210c5b6ef336f75b397f78c03af99eed7", integrity = "git-sha1:c116510210c5b6ef336f75b397f78c03af99eed7", version = "", visibility = "public", participation = "", depends = "codetracer,codetracer-beam-recorder,codetracer-js-recorder,codetracer-launcher,codetracer-native-backend,codetracer-native-recorder,codetracer-python-recorder,codetracer-ruby-recorder,codetracer-trace-format-nim,codetracer-visual-replay,codetracer-vscode-extension", tags = "" }, { name = "codetracer-trace-format-nim", path = "../codetracer-trace-format-nim", coord_kind = "vcs", url = "https://github.com/metacraft-labs/codetracer-trace-format-nim", ref = "agents-to-dev-2026-10-03", revision = "61c6bbce06dd8864b3b45b6377a81d96f7419bbd", integrity = "git-sha1:61c6bbce06dd8864b3b45b6377a81d96f7419bbd", version = "", visibility = "public", participation = "", depends = "", tags = "" }, { name = "codetracer-visual-replay", path = "../codetracer-visual-replay", coord_kind = "vcs", url = "https://github.com/metacraft-labs/codetracer-visual-replay", ref = "stabilize-agents-worker-2-20261003", revision = "4428479ffaffaf71ee0685a85713037fed97ba7d", integrity = "git-sha1:4428479ffaffaf71ee0685a85713037fed97ba7d", version = "", visibility = "public", participation = "", depends = "", tags = "" }, { name = "codetracer-vscode-extension", path = "../codetracer-vscode-extension", coord_kind = "vcs", url = "https://github.com/metacraft-labs/codetracer-vscode-extension", ref = "stabilize-agents-worker-2-20261003", revision = "c7f7985d4fdc124fa988fdf89d4517136e385001", integrity = "git-sha1:c7f7985d4fdc124fa988fdf89d4517136e385001", version = "", visibility = "public", participation = "", depends = "", tags = "" }]
