schema = "reprobuild.solved-graph-lock.v2"

[lock]
platform = "amd64-linux"
optimal = false
inputs_digest = "fnv1a64:4939cd5934c783c1"
variants = []
packages = [{ name = "capnp", version = "1.0.0", source = "capnp", selection = "selected" }, { name = "cargo", version = "1.85.0", source = "cargo", selection = "selected" }, { name = "codetracer_trace_format", version = "0.1.0", source = "codetracer_trace_format", selection = "selected" }, { name = "nim", version = "2.2.0", source = "nim", selection = "selected" }, { name = "nimble", version = "1.0.0", source = "nimble", selection = "selected" }, { name = "pkg-config", version = "1.0.0", source = "pkg-config", selection = "selected" }, { name = "rustc", version = "1.85.0", source = "rustc", selection = "selected" }, { name = "zstd", version = "1.0.0", source = "zstd", selection = "selected" }]
deps = [{ name = "codetracer-trace-format", path = ".", coord_kind = "vcs", url = "https://github.com/metacraft-labs/codetracer-trace-format", ref = "dev", revision = "27dc5e66f99e3f3f2d2307306dc5aa678b961739", integrity = "git-sha1:27dc5e66f99e3f3f2d2307306dc5aa678b961739", version = "", visibility = "public", participation = "", depends = "", tags = "" }]
